
Microsoft Visual Studio Solution File, Format Version 12.00
# Visual Studio Version 17
VisualStudioVersion = 17.7.34031.279
MinimumVisualStudioVersion = 10.0.40219.1
Project("{FAE04EC0-301F-11D3-BF4B-00C04F79EFBC}") = "Cumulative Project Part 2", "Cumulative Project Part 2\Cumulative Project Part 2.csproj", "{E2615CEC-194B-42CD-971A-2B3041E1C0E4}"
EndProject
Global
	GlobalSection(SolutionConfigurationPlatforms) = preSolution
		Debug|Any CPU = Debug|Any CPU
		Release|Any CPU = Release|Any CPU
	EndGlobalSection
	GlobalSection(ProjectConfigurationPlatforms) = postSolution
		{E2615CEC-194B-42CD-971A-2B3041E1C0E4}.Debug|Any CPU.ActiveCfg = Debug|Any CPU
		{E2615CEC-194B-42CD-971A-2B3041E1C0E4}.Debug|Any CPU.Build.0 = Debug|Any CPU
		{E2615CEC-194B-42CD-971A-2B3041E1C0E4}.Release|Any CPU.ActiveCfg = Release|Any CPU
		{E2615CEC-194B-42CD-971A-2B3041E1C0E4}.Release|Any CPU.Build.0 = Release|Any CPU
	EndGlobalSection
	GlobalSection(SolutionProperties) = preSolution
		HideSolutionNode = FALSE
	EndGlobalSection
	GlobalSection(ExtensibilityGlobals) = postSolution
		SolutionGuid = {F6EE2C97-783C-44E5-8429-11CB3E061E95}
	EndGlobalSection
EndGlobal
